lockfileVersion: '9.0'

settings:
    autoInstallPeers: true
    excludeLinksFromLockfile: false

importers:
    .:
        dependencies:
            '@mercuryworkshop/bare-as-module3':
                specifier: ^2.2.2
                version: 2.2.2
            '@mercuryworkshop/bare-mux':
                specifier: ^2.0.2
                version: 2.0.4
            '@mercuryworkshop/epoxy-transport':
                specifier: ^2.1.3
                version: 2.1.8
            '@mercuryworkshop/libcurl-transport':
                specifier: ^1.3.6
                version: 1.3.7
            '@mercuryworkshop/wisp-js':
                specifier: ^0.1.0
                version: 0.1.1
            '@titaniumnetwork-dev/ultraviolet':
                specifier: ^3.2.7
                version: 3.2.7
            '@tomphttp/bare-server-node':
                specifier: 2.0.2
                version: 2.0.2
            chalk:
                specifier: ^5.2.0
                version: 5.3.0
            cors:
                specifier: ^2.8.5
                version: 2.8.5
            express:
                specifier: ^4.19.2
                version: 4.19.2
            lucide-static:
                specifier: ^0.424.0
                version: 0.424.0
            meteorproxy:
                specifier: ^1.0.6-patch.1
                version: 1.0.6-patch.1
            wisp-server-node:
                specifier: ^1.1.3
                version: 1.1.3
        devDependencies:
            autoprefixer:
                specifier: ^10.4.19
                version: 10.4.20
            html-minifier-terser:
                specifier: ^7.2.0
                version: 7.2.0
            prettier:
                specifier: ^3.3.3
                version: 3.3.3
            sass:
                specifier: ^1.77.8
                version: 1.77.8
            terser:
                specifier: ^5.31.3
               
